// !$*UTF8*$!
{
	archiveVersion = 1;
	classes = {
	};
	objectVersion = 77;
	objects = {

/* Begin PBXBuildFile section */
		6B2316AC2E94EDA00071259C /* SettlementCalculator.swift in Sources */ = {isa = PBXBuildFile; fileRef = 6B2316AB2E94EDA00071259C /* SettlementCalculator.swift */; };
		6B366A742E9E833900B69DA2 /* PlayerTransaction.swift in Sources */ = {isa = PBXBuildFile; fileRef = 6B366A732E9E833900B69DA2 /* PlayerTransaction.swift */; };
		6B366A762E9E84F000B69DA2 /* PlayerTransactionsView.swift in Sources */ = {isa = PBXBuildFile; fileRef = 6B366A752E9E84F000B69DA2 /* PlayerTransactionsView.swift */; };
		6B38E1C32EA6380300B66D69 /* SessionBankView.swift in Sources */ = {isa = PBXBuildFile; fileRef = 6B38E1C12EA6380300B66D69 /* SessionBankView.swift */; };
		6B38E1C42EA6380300B66D69 /* SessionBankTransactionSheet.swift in Sources */ = {isa = PBXBuildFile; fileRef = 6B38E1C02EA6380300B66D69 /* SessionBankTransactionSheet.swift */; };
		6B38E1C62EA6383200B66D69 /* SessionBankEntry.swift in Sources */ = {isa = PBXBuildFile; fileRef = 6B38E1C52EA6383200B66D69 /* SessionBankEntry.swift */; };
		6B603CC52E94099900E3CA15 /* ExpenseDetails.swift in Sources */ = {isa = PBXBuildFile; fileRef = 6B603CC42E94099900E3CA15 /* ExpenseDetails.swift */; };
		6B852C9A2E8EFEC70086ACA2 /* AddPlayerSheet.swift in Sources */ = {isa = PBXBuildFile; fileRef = 6B852C992E8EFEC70086ACA2 /* AddPlayerSheet.swift */; };
		6B852C9C2E8EFEF90086ACA2 /* AddExpenseSheet.swift in Sources */ = {isa = PBXBuildFile; fileRef = 6B852C9B2E8EFEF90086ACA2 /* AddExpenseSheet.swift */; };
		6B9924F52E8FF9A300BADD6B /* NewSessionSheet.swift in Sources */ = {isa = PBXBuildFile; fileRef = 6B9924F42E8FF9A300BADD6B /* NewSessionSheet.swift */; };
		6B9924F72E905EE400BADD6B /* Expense.swift in Sources */ = {isa = PBXBuildFile; fileRef = 6B9924F62E905EDC00BADD6B /* Expense.swift */; };
		6BA52A492E9521D500742AEB /* BlindsEditorSheet.swift in Sources */ = {isa = PBXBuildFile; fileRef = 6BA52A482E9521D500742AEB /* BlindsEditorSheet.swift */; };
		6BA52A4B2E95220500742AEB /* SettlementView.swift in Sources */ = {isa = PBXBuildFile; fileRef = 6BA52A4A2E95220500742AEB /* SettlementView.swift */; };
		6BA52A4D2E95221500742AEB /* SettlementViewModel.swift in Sources */ = {isa = PBXBuildFile; fileRef = 6BA52A4C2E95221500742AEB /* SettlementViewModel.swift */; };
		6BA52A4F2E95225300742AEB /* SessionInfoSectionView.swift in Sources */ = {isa = PBXBuildFile; fileRef = 6BA52A4E2E95225300742AEB /* SessionInfoSectionView.swift */; };
		6BA52A512E95227200742AEB /* BankStatsSectionView.swift in Sources */ = {isa = PBXBuildFile; fileRef = 6BA52A502E95227200742AEB /* BankStatsSectionView.swift */; };
		6BA52A532E95229F00742AEB /* PlayersSectionView.swift in Sources */ = {isa = PBXBuildFile; fileRef = 6BA52A522E95229F00742AEB /* PlayersSectionView.swift */; };
		6BBA47F92E8ED5FD00A3CADE /* SessionDetailView.swift in Sources */ = {isa = PBXBuildFile; fileRef = 6BBA47F82E8ED5FD00A3CADE /* SessionDetailView.swift */; };
		6BBA48012E8ED74200A3CADE /* SessionService.swift in Sources */ = {isa = PBXBuildFile; fileRef = 6BBA48002E8ED74200A3CADE /* SessionService.swift */; };
		6BBA48032E8EDAC000A3CADE /* PlayerRow.swift in Sources */ = {isa = PBXBuildFile; fileRef = 6BBA48022E8EDAC000A3CADE /* PlayerRow.swift */; };
		6BBA48052E8EDC1F00A3CADE /* PlayerAddOnSheet.swift in Sources */ = {isa = PBXBuildFile; fileRef = 6BBA48042E8EDC1F00A3CADE /* PlayerAddOnSheet.swift */; };
		6BBA48072E8EDC3900A3CADE /* PlayerCashOutSheet.swift in Sources */ = {isa = PBXBuildFile; fileRef = 6BBA48062E8EDC3900A3CADE /* PlayerCashOutSheet.swift */; };
		6BCB94882E8ED12E007212D5 /* Assets.xcassets in Resources */ = {isa = PBXBuildFile; fileRef = 6BCB94832E8ED12E007212D5 /* Assets.xcassets */; };
		6BCB948A2E8ED12E007212D5 /* HomePokerApp.swift in Sources */ = {isa = PBXBuildFile; fileRef = 6BCB94852E8ED12E007212D5 /* HomePokerApp.swift */; };
		6BCB948F2E8ED16A007212D5 /* Player.swift in Sources */ = {isa = PBXBuildFile; fileRef = 6BCB948E2E8ED16A007212D5 /* Player.swift */; };
		6BCB94912E8ED1A3007212D5 /* Session.swift in Sources */ = {isa = PBXBuildFile; fileRef = 6BCB94902E8ED1A2007212D5 /* Session.swift */; };
		6BD32FF62EA0C61300AA0541 /* SessionListView.swift in Sources */ = {isa = PBXBuildFile; fileRef = 6BD32FF52EA0C61300AA0541 /* SessionListView.swift */; };
		6BD330002EA0D04F00AA0541 /* FormSheetView.swift in Sources */ = {isa = PBXBuildFile; fileRef = 6BD32FFF2EA0D04F00AA0541 /* FormSheetView.swift */; };
		6BDB00122EB0B0D400AA0012 /* SessionDetailViewModel.swift in Sources */ = {isa = PBXBuildFile; fileRef = 6BDB00112EB0B0D400AA0011 /* SessionDetailViewModel.swift */; };
		6BE4DA2D2EA632D600E362A9 /* SessionBank.swift in Sources */ = {isa = PBXBuildFile; fileRef = 6BE4DA2C2EA632D600E362A9 /* SessionBank.swift */; };
/* End PBXBuildFile section */

/* Begin PBXFileReference section */
		6B2316AB2E94EDA00071259C /* SettlementCalculator.swift */ = {isa = PBXFileReference; lastKnownFileType = sourcecode.swift; path = SettlementCalculator.swift; sourceTree = "<group>"; };
		6B366A732E9E833900B69DA2 /* PlayerTransaction.swift */ = {isa = PBXFileReference; lastKnownFileType = sourcecode.swift; path = PlayerTransaction.swift; sourceTree = "<group>"; };
		6B366A752E9E84F000B69DA2 /* PlayerTransactionsView.swift */ = {isa = PBXFileReference; lastKnownFileType = sourcecode.swift; path = PlayerTransactionsView.swift; sourceTree = "<group>"; };
		6B38E1C02EA6380300B66D69 /* SessionBankTransactionSheet.swift */ = {isa = PBXFileReference; lastKnownFileType = sourcecode.swift; path = SessionBankTransactionSheet.swift; sourceTree = "<group>"; };
		6B38E1C12EA6380300B66D69 /* SessionBankView.swift */ = {isa = PBXFileReference; lastKnownFileType = sourcecode.swift; path = SessionBankView.swift; sourceTree = "<group>"; };
		6B38E1C52EA6383200B66D69 /* SessionBankEntry.swift */ = {isa = PBXFileReference; lastKnownFileType = sourcecode.swift; path = SessionBankEntry.swift; sourceTree = "<group>"; };
		6B603CC42E94099900E3CA15 /* ExpenseDetails.swift */ = {isa = PBXFileReference; lastKnownFileType = sourcecode.swift; path = ExpenseDetails.swift; sourceTree = "<group>"; };
		6B852C992E8EFEC70086ACA2 /* AddPlayerSheet.swift */ = {isa = PBXFileReference; lastKnownFileType = sourcecode.swift; path = AddPlayerSheet.swift; sourceTree = "<group>"; };
		6B852C9B2E8EFEF90086ACA2 /* AddExpenseSheet.swift */ = {isa = PBXFileReference; lastKnownFileType = sourcecode.swift; path = AddExpenseSheet.swift; sourceTree = "<group>"; };
		6B9924F42E8FF9A300BADD6B /* NewSessionSheet.swift */ = {isa = PBXFileReference; lastKnownFileType = sourcecode.swift; path = NewSessionSheet.swift; sourceTree = "<group>"; };
		6B9924F62E905EDC00BADD6B /* Expense.swift */ = {isa = PBXFileReference; lastKnownFileType = sourcecode.swift; path = Expense.swift; sourceTree = "<group>"; };
		6BA52A482E9521D500742AEB /* BlindsEditorSheet.swift */ = {isa = PBXFileReference; lastKnownFileType = sourcecode.swift; path = BlindsEditorSheet.swift; sourceTree = "<group>"; };
		6BA52A4A2E95220500742AEB /* SettlementView.swift */ = {isa = PBXFileReference; lastKnownFileType = sourcecode.swift; path = SettlementView.swift; sourceTree = "<group>"; };
		6BA52A4C2E95221500742AEB /* SettlementViewModel.swift */ = {isa = PBXFileReference; lastKnownFileType = sourcecode.swift; path = SettlementViewModel.swift; sourceTree = "<group>"; };
		6BA52A4E2E95225300742AEB /* SessionInfoSectionView.swift */ = {isa = PBXFileReference; lastKnownFileType = sourcecode.swift; path = SessionInfoSectionView.swift; sourceTree = "<group>"; };
		6BA52A502E95227200742AEB /* BankStatsSectionView.swift */ = {isa = PBXFileReference; lastKnownFileType = sourcecode.swift; path = BankStatsSectionView.swift; sourceTree = "<group>"; };
		6BA52A522E95229F00742AEB /* PlayersSectionView.swift */ = {isa = PBXFileReference; lastKnownFileType = sourcecode.swift; path = PlayersSectionView.swift; sourceTree = "<group>"; };
		6BBA47F82E8ED5FD00A3CADE /* SessionDetailView.swift */ = {isa = PBXFileReference; lastKnownFileType = sourcecode.swift; path = SessionDetailView.swift; sourceTree = "<group>"; };
		6BBA48002E8ED74200A3CADE /* SessionService.swift */ = {isa = PBXFileReference; lastKnownFileType = sourcecode.swift; path = SessionService.swift; sourceTree = "<group>"; };
		6BBA48022E8EDAC000A3CADE /* PlayerRow.swift */ = {isa = PBXFileReference; lastKnownFileType = sourcecode.swift; path = PlayerRow.swift; sourceTree = "<group>"; };
		6BBA48042E8EDC1F00A3CADE /* PlayerAddOnSheet.swift */ = {isa = PBXFileReference; lastKnownFileType = sourcecode.swift; path = PlayerAddOnSheet.swift; sourceTree = "<group>"; };
		6BBA48062E8EDC3900A3CADE /* PlayerCashOutSheet.swift */ = {isa = PBXFileReference; lastKnownFileType = sourcecode.swift; path = PlayerCashOutSheet.swift; sourceTree = "<group>"; };
		6BCB94732E8ED0BF007212D5 /* Home Poker.app */ = {isa = PBXFileReference; explicitFileType = wrapper.application; includeInIndex = 0; path = "Home Poker.app"; sourceTree = BUILT_PRODUCTS_DIR; };
		6BCB94832E8ED12E007212D5 /* Assets.xcassets */ = {isa = PBXFileReference; lastKnownFileType = folder.assetcatalog; path = Assets.xcassets; sourceTree = "<group>"; };
		6BCB94852E8ED12E007212D5 /* HomePokerApp.swift */ = {isa = PBXFileReference; lastKnownFileType = sourcecode.swift; path = HomePokerApp.swift; sourceTree = "<group>"; };
		6BCB948E2E8ED16A007212D5 /* Player.swift */ = {isa = PBXFileReference; lastKnownFileType = sourcecode.swift; path = Player.swift; sourceTree = "<group>"; };
		6BCB94902E8ED1A2007212D5 /* Session.swift */ = {isa = PBXFileReference; lastKnownFileType = sourcecode.swift; path = Session.swift; sourceTree = "<group>"; };
		6BD32FF52EA0C61300AA0541 /* SessionListView.swift */ = {isa = PBXFileReference; lastKnownFileType = sourcecode.swift; path = SessionListView.swift; sourceTree = "<group>"; };
		6BD32FFF2EA0D04F00AA0541 /* FormSheetView.swift */ = {isa = PBXFileReference; lastKnownFileType = sourcecode.swift; path = FormSheetView.swift; sourceTree = "<group>"; };
		6BDB00112EB0B0D400AA0011 /* SessionDetailViewModel.swift */ = {isa = PBXFileReference; lastKnownFileType = sourcecode.swift; path = SessionDetailViewModel.swift; sourceTree = "<group>"; };
		6BE4DA2C2EA632D600E362A9 /* SessionBank.swift */ = {isa = PBXFileReference; lastKnownFileType = sourcecode.swift; path = SessionBank.swift; sourceTree = "<group>"; };
/* End PBXFileReference section */

/* Begin PBXFrameworksBuildPhase section */
		6BCB94702E8ED0BF007212D5 /* Frameworks */ = {
			isa = PBXFrameworksBuildPhase;
			buildActionMask = 2147483647;
			files = (
			);
			runOnlyForDeploymentPostprocessing = 0;
		};
/* End PBXFrameworksBuildPhase section */

/* Begin PBXGroup section */
		6B38E1C22EA6380300B66D69 /* SessionBank */ = {
			isa = PBXGroup;
			children = (
				6B38E1C02EA6380300B66D69 /* SessionBankTransactionSheet.swift */,
				6B38E1C12EA6380300B66D69 /* SessionBankView.swift */,
			);
			path = SessionBank;
			sourceTree = "<group>";
		};
		6B6E368E2EA2487100CFE0FC /* Sheets */ = {
			isa = PBXGroup;
			children = (
				6B852C992E8EFEC70086ACA2 /* AddPlayerSheet.swift */,
				6B852C9B2E8EFEF90086ACA2 /* AddExpenseSheet.swift */,
				6BBA48042E8EDC1F00A3CADE /* PlayerAddOnSheet.swift */,
				6BBA48062E8EDC3900A3CADE /* PlayerCashOutSheet.swift */,
				6BA52A482E9521D500742AEB /* BlindsEditorSheet.swift */,
			);
			path = Sheets;
			sourceTree = "<group>";
		};
		6BA52A542E9522B200742AEB /* Components */ = {
			isa = PBXGroup;
			children = (
				6BA52A4E2E95225300742AEB /* SessionInfoSectionView.swift */,
				6BA52A502E95227200742AEB /* BankStatsSectionView.swift */,
				6B603CC42E94099900E3CA15 /* ExpenseDetails.swift */,
				6BA52A522E95229F00742AEB /* PlayersSectionView.swift */,
				6BBA48022E8EDAC000A3CADE /* PlayerRow.swift */,
				6B366A752E9E84F000B69DA2 /* PlayerTransactionsView.swift */,
				6B6E368E2EA2487100CFE0FC /* Sheets */,
			);
			path = Components;
			sourceTree = "<group>";
		};
		6BBA47FA2E8ED66C00A3CADE /* SessionDetail */ = {
			isa = PBXGroup;
			children = (
				6BBA47F82E8ED5FD00A3CADE /* SessionDetailView.swift */,
				6BDB00112EB0B0D400AA0011 /* SessionDetailViewModel.swift */,
				6BA52A542E9522B200742AEB /* Components */,
				6B38E1C22EA6380300B66D69 /* SessionBank */,
			);
			path = SessionDetail;
			sourceTree = "<group>";
		};
		6BBA47FF2E8ED71000A3CADE /* Settlement */ = {
			isa = PBXGroup;
			children = (
				6BA52A4A2E95220500742AEB /* SettlementView.swift */,
				6BA52A4C2E95221500742AEB /* SettlementViewModel.swift */,
			);
			path = Settlement;
			sourceTree = "<group>";
		};
		6BCB946A2E8ED0BF007212D5 = {
			isa = PBXGroup;
			children = (
				6BCB94872E8ED12E007212D5 /* Home Poker */,
				6BCB94742E8ED0BF007212D5 /* Products */,
			);
			sourceTree = "<group>";
		};
		6BCB94742E8ED0BF007212D5 /* Products */ = {
			isa = PBXGroup;
			children = (
				6BCB94732E8ED0BF007212D5 /* Home Poker.app */,
			);
			name = Products;
			sourceTree = "<group>";
		};
		6BCB94872E8ED12E007212D5 /* Home Poker */ = {
			isa = PBXGroup;
			children = (
				6BCB948C2E8ED133007212D5 /* App */,
				6BCB948D2E8ED146007212D5 /* Domain */,
				6BD32FF92EA0C67C00AA0541 /* Features */,
				6BD330012EA0D07600AA0541 /* Shared */,
				6BF000002F1234567890ABCD /* Resources */,
			);
			path = "Home Poker";
			sourceTree = "<group>";
		};
		6BCB948C2E8ED133007212D5 /* App */ = {
			isa = PBXGroup;
			children = (
				6BCB94852E8ED12E007212D5 /* HomePokerApp.swift */,
			);
			path = App;
			sourceTree = "<group>";
		};
		6BCB948D2E8ED146007212D5 /* Domain */ = {
			isa = PBXGroup;
			children = (
				6BDB00012EB0AAAA00AA0001 /* Models */,
				6BDB00022EB0AAAA00AA0002 /* Services */,
			);
			path = Domain;
			sourceTree = "<group>";
		};
		6BD32FF92EA0C67C00AA0541 /* Features */ = {
			isa = PBXGroup;
			children = (
				6BD32FFA2EA0C67C00AA0541 /* SessionList */,
				6BBA47FA2E8ED66C00A3CADE /* SessionDetail */,
				6BBA47FF2E8ED71000A3CADE /* Settlement */,
			);
			path = Features;
			sourceTree = "<group>";
		};
		6BD32FFA2EA0C67C00AA0541 /* SessionList */ = {
			isa = PBXGroup;
			children = (
				6BD32FF52EA0C61300AA0541 /* SessionListView.swift */,
				6B9924F42E8FF9A300BADD6B /* NewSessionSheet.swift */,
			);
			path = SessionList;
			sourceTree = "<group>";
		};
		6BD330012EA0D07600AA0541 /* Shared */ = {
			isa = PBXGroup;
			children = (
				6BDB00072EB0AAAA00AA0007 /* Components */,
			);
			path = Shared;
			sourceTree = "<group>";
		};
		6BDB00012EB0AAAA00AA0001 /* Models */ = {
			isa = PBXGroup;
			children = (
				6BCB94902E8ED1A2007212D5 /* Session.swift */,
				6BE4DA2C2EA632D600E362A9 /* SessionBank.swift */,
				6B38E1C52EA6383200B66D69 /* SessionBankEntry.swift */,
				6BCB948E2E8ED16A007212D5 /* Player.swift */,
				6B366A732E9E833900B69DA2 /* PlayerTransaction.swift */,
				6B9924F62E905EDC00BADD6B /* Expense.swift */,
			);
			path = Models;
			sourceTree = "<group>";
		};
		6BDB00022EB0AAAA00AA0002 /* Services */ = {
			isa = PBXGroup;
			children = (
				6B2316AB2E94EDA00071259C /* SettlementCalculator.swift */,
				6BBA48002E8ED74200A3CADE /* SessionService.swift */,
			);
			path = Services;
			sourceTree = "<group>";
		};
		6BDB00072EB0AAAA00AA0007 /* Components */ = {
			isa = PBXGroup;
			children = (
				6BD32FFF2EA0D04F00AA0541 /* FormSheetView.swift */,
			);
			path = Components;
			sourceTree = "<group>";
		};
		6BF000002F1234567890ABCD /* Resources */ = {
			isa = PBXGroup;
			children = (
				6BCB94832E8ED12E007212D5 /* Assets.xcassets */,
			);
			path = Resources;
			sourceTree = "<group>";
		};
/* End PBXGroup section */

/* Begin PBXNativeTarget section */
		6BCB94722E8ED0BF007212D5 /* Home Poker */ = {
			isa = PBXNativeTarget;
			buildConfigurationList = 6BCB94802E8ED0C0007212D5 /* Build configuration list for PBXNativeTarget "Home Poker" */;
			buildPhases = (
				6BCB946F2E8ED0BF007212D5 /* Sources */,
				6BCB94702E8ED0BF007212D5 /* Frameworks */,
				6BCB94712E8ED0BF007212D5 /* Resources */,
			);
			buildRules = (
			);
			dependencies = (
			);
			name = "Home Poker";
			packageProductDependencies = (
			);
			productName = "Home Poker";
			productReference = 6BCB94732E8ED0BF007212D5 /* Home Poker.app */;
			productType = "com.apple.product-type.application";
		};
/* End PBXNativeTarget section */

/* Begin PBXProject section */
		6BCB946B2E8ED0BF007212D5 /* Project object */ = {
			isa = PBXProject;
			attributes = {
				BuildIndependentTargetsInParallel = 1;
				LastSwiftUpdateCheck = 2600;
				LastUpgradeCheck = 2600;
				TargetAttributes = {
					6BCB94722E8ED0BF007212D5 = {
						CreatedOnToolsVersion = 26.0.1;
					};
				};
			};
			buildConfigurationList = 6BCB946E2E8ED0BF007212D5 /* Build configuration list for PBXProject "Home Poker" */;
			developmentRegion = ru;
			hasScannedForEncodings = 0;
			knownRegions = (
				en,
				Base,
				ru,
			);
			mainGroup = 6BCB946A2E8ED0BF007212D5;
			minimizedProjectReferenceProxies = 1;
			preferredProjectObjectVersion = 77;
			productRefGroup = 6BCB94742E8ED0BF007212D5 /* Products */;
			projectDirPath = "";
			projectRoot = "";
			targets = (
				6BCB94722E8ED0BF007212D5 /* Home Poker */,
			);
		};
/* End PBXProject section */

/* Begin PBXResourcesBuildPhase section */
		6BCB94712E8ED0BF007212D5 /* Resources */ = {
			isa = PBXResourcesBuildPhase;
			buildActionMask = 2147483647;
			files = (
				6BCB94882E8ED12E007212D5 /* Assets.xcassets in Resources */,
			);
			runOnlyForDeploymentPostprocessing = 0;
		};
/* End PBXResourcesBuildPhase section */

/* Begin PBXSourcesBuildPhase section */
		6BCB946F2E8ED0BF007212D5 /* Sources */ = {
			isa = PBXSourcesBuildPhase;
			buildActionMask = 2147483647;
			files = (
				6B366A742E9E833900B69DA2 /* PlayerTransaction.swift in Sources */,
				6B852C9C2E8EFEF90086ACA2 /* AddExpenseSheet.swift in Sources */,
				6BBA48072E8EDC3900A3CADE /* PlayerCashOutSheet.swift in Sources */,
				6BA52A4B2E95220500742AEB /* SettlementView.swift in Sources */,
				6B366A762E9E84F000B69DA2 /* PlayerTransactionsView.swift in Sources */,
				6BCB94912E8ED1A3007212D5 /* Session.swift in Sources */,
				6BBA48012E8ED74200A3CADE /* SessionService.swift in Sources */,
				6B852C9A2E8EFEC70086ACA2 /* AddPlayerSheet.swift in Sources */,
				6B2316AC2E94EDA00071259C /* SettlementCalculator.swift in Sources */,
				6B603CC52E94099900E3CA15 /* ExpenseDetails.swift in Sources */,
				6BA52A532E95229F00742AEB /* PlayersSectionView.swift in Sources */,
				6BCB948F2E8ED16A007212D5 /* Player.swift in Sources */,
				6BA52A4F2E95225300742AEB /* SessionInfoSectionView.swift in Sources */,
				6B9924F52E8FF9A300BADD6B /* NewSessionSheet.swift in Sources */,
				6BBA48052E8EDC1F00A3CADE /* PlayerAddOnSheet.swift in Sources */,
				6BBA48032E8EDAC000A3CADE /* PlayerRow.swift in Sources */,
				6BD32FF62EA0C61300AA0541 /* SessionListView.swift in Sources */,
				6BD330002EA0D04F00AA0541 /* FormSheetView.swift in Sources */,
				6BDB00122EB0B0D400AA0012 /* SessionDetailViewModel.swift in Sources */,
				6BA52A512E95227200742AEB /* BankStatsSectionView.swift in Sources */,
				6BA52A4D2E95221500742AEB /* SettlementViewModel.swift in Sources */,
				6BCB948A2E8ED12E007212D5 /* HomePokerApp.swift in Sources */,
				6BE4DA2D2EA632D600E362A9 /* SessionBank.swift in Sources */,
				6B9924F72E905EE400BADD6B /* Expense.swift in Sources */,
				6BBA47F92E8ED5FD00A3CADE /* SessionDetailView.swift in Sources */,
				6B38E1C32EA6380300B66D69 /* SessionBankView.swift in Sources */,
				6B38E1C42EA6380300B66D69 /* SessionBankTransactionSheet.swift in Sources */,
				6BA52A492E9521D500742AEB /* BlindsEditorSheet.swift in Sources */,
				6B38E1C62EA6383200B66D69 /* SessionBankEntry.swift in Sources */,
			);
			runOnlyForDeploymentPostprocessing = 0;
		};
/* End PBXSourcesBuildPhase section */

/* Begin XCBuildConfiguration section */
		6BCB947E2E8ED0C0007212D5 /* Debug */ = {
			isa = XCBuildConfiguration;
			buildSettings = {
				ALWAYS_SEARCH_USER_PATHS = NO;
				ASSETCATALOG_COMPILER_GENERATE_SWIFT_ASSET_SYMBOL_EXTENSIONS = YES;
				CLANG_ANALYZER_NONNULL = YES;
				CLANG_ANALYZER_NUMBER_OBJECT_CONVERSION = YES_AGGRESSIVE;
				CLANG_CXX_LANGUAGE_STANDARD = "gnu++20";
				CLANG_ENABLE_MODULES = YES;
				CLANG_ENABLE_OBJC_ARC = YES;
				CLANG_ENABLE_OBJC_WEAK = YES;
				CLANG_WARN_BLOCK_CAPTURE_AUTORELEASING = YES;
				CLANG_WARN_BOOL_CONVERSION = YES;
				CLANG_WARN_COMMA = YES;
				CLANG_WARN_CONSTANT_CONVERSION = YES;
				CLANG_WARN_DEPRECATED_OBJC_IMPLEMENTATIONS = YES;
				CLANG_WARN_DIRECT_OBJC_ISA_USAGE = YES_ERROR;
				CLANG_WARN_DOCUMENTATION_COMMENTS = YES;
				CLANG_WARN_EMPTY_BODY = YES;
				CLANG_WARN_ENUM_CONVERSION = YES;
				CLANG_WARN_INFINITE_RECURSION = YES;
				CLANG_WARN_INT_CONVERSION = YES;
				CLANG_WARN_NON_LITERAL_NULL_CONVERSION = YES;
				CLANG_WARN_OBJC_IMPLICIT_RETAIN_SELF = YES;
				CLANG_WARN_OBJC_LITERAL_CONVERSION = YES;
				CLANG_WARN_OBJC_ROOT_CLASS = YES_ERROR;
				CLANG_WARN_QUOTED_INCLUDE_IN_FRAMEWORK_HEADER = YES;
				CLANG_WARN_RANGE_LOOP_ANALYSIS = YES;
				CLANG_WARN_STRICT_PROTOTYPES = YES;
				CLANG_WARN_SUSPICIOUS_MOVE = YES;
				CLANG_WARN_UNGUARDED_AVAILABILITY = YES_AGGRESSIVE;
				CLANG_WARN_UNREACHABLE_CODE = YES;
				CLANG_WARN__DUPLICATE_METHOD_MATCH = YES;
				COPY_PHASE_STRIP = NO;
				DEBUG_INFORMATION_FORMAT = dwarf;
				DEVELOPMENT_TEAM = L6TR2N4F28;
				ENABLE_STRICT_OBJC_MSGSEND = YES;
				ENABLE_TESTABILITY = YES;
				ENABLE_USER_SCRIPT_SANDBOXING = YES;
				GCC_C_LANGUAGE_STANDARD = gnu17;
				GCC_DYNAMIC_NO_PIC = NO;
				GCC_NO_COMMON_BLOCKS = YES;
				GCC_OPTIMIZATION_LEVEL = 0;
				GCC_PREPROCESSOR_DEFINITIONS = (
					"DEBUG=1",
					"$(inherited)",
				);
				GCC_WARN_64_TO_32_BIT_CONVERSION = YES;
				GCC_WARN_ABOUT_RETURN_TYPE = YES_ERROR;
				GCC_WARN_UNDECLARED_SELECTOR = YES;
				GCC_WARN_UNINITIALIZED_AUTOS = YES_AGGRESSIVE;
				GCC_WARN_UNUSED_FUNCTION = YES;
				GCC_WARN_UNUSED_VARIABLE = YES;
				LOCALIZATION_PREFERS_STRING_CATALOGS = YES;
				MTL_ENABLE_DEBUG_INFO = INCLUDE_SOURCE;
				MTL_FAST_MATH = YES;
				ONLY_ACTIVE_ARCH = YES;
				SWIFT_ACTIVE_COMPILATION_CONDITIONS = "DEBUG $(inherited)";
				SWIFT_OPTIMIZATION_LEVEL = "-Onone";
			};
			name = Debug;
		};
		6BCB947F2E8ED0C0007212D5 /* Release */ = {
			isa = XCBuildConfiguration;
			buildSettings = {
				ALWAYS_SEARCH_USER_PATHS = NO;
				ASSETCATALOG_COMPILER_GENERATE_SWIFT_ASSET_SYMBOL_EXTENSIONS = YES;
				CLANG_ANALYZER_NONNULL = YES;
				CLANG_ANALYZER_NUMBER_OBJECT_CONVERSION = YES_AGGRESSIVE;
				CLANG_CXX_LANGUAGE_STANDARD = "gnu++20";
				CLANG_ENABLE_MODULES = YES;
				CLANG_ENABLE_OBJC_ARC = YES;
				CLANG_ENABLE_OBJC_WEAK = YES;
				CLANG_WARN_BLOCK_CAPTURE_AUTORELEASING = YES;
				CLANG_WARN_BOOL_CONVERSION = YES;
				CLANG_WARN_COMMA = YES;
				CLANG_WARN_CONSTANT_CONVERSION = YES;
				CLANG_WARN_DEPRECATED_OBJC_IMPLEMENTATIONS = YES;
				CLANG_WARN_DIRECT_OBJC_ISA_USAGE = YES_ERROR;
				CLANG_WARN_DOCUMENTATION_COMMENTS = YES;
				CLANG_WARN_EMPTY_BODY = YES;
				CLANG_WARN_ENUM_CONVERSION = YES;
				CLANG_WARN_INFINITE_RECURSION = YES;
				CLANG_WARN_INT_CONVERSION = YES;
				CLANG_WARN_NON_LITERAL_NULL_CONVERSION = YES;
				CLANG_WARN_OBJC_IMPLICIT_RETAIN_SELF = YES;
				CLANG_WARN_OBJC_LITERAL_CONVERSION = YES;
				CLANG_WARN_OBJC_ROOT_CLASS = YES_ERROR;
				CLANG_WARN_QUOTED_INCLUDE_IN_FRAMEWORK_HEADER = YES;
				CLANG_WARN_RANGE_LOOP_ANALYSIS = YES;
				CLANG_WARN_STRICT_PROTOTYPES = YES;
				CLANG_WARN_SUSPICIOUS_MOVE = YES;
				CLANG_WARN_UNGUARDED_AVAILABILITY = YES_AGGRESSIVE;
				CLANG_WARN_UNREACHABLE_CODE = YES;
				CLANG_WARN__DUPLICATE_METHOD_MATCH = YES;
				COPY_PHASE_STRIP = NO;
				DEBUG_INFORMATION_FORMAT = "dwarf-with-dsym";
				DEVELOPMENT_TEAM = L6TR2N4F28;
				ENABLE_NS_ASSERTIONS = NO;
				ENABLE_STRICT_OBJC_MSGSEND = YES;
				ENABLE_USER_SCRIPT_SANDBOXING = YES;
				GCC_C_LANGUAGE_STANDARD = gnu17;
				GCC_NO_COMMON_BLOCKS = YES;
				GCC_WARN_64_TO_32_BIT_CONVERSION = YES;
				GCC_WARN_ABOUT_RETURN_TYPE = YES_ERROR;
				GCC_WARN_UNDECLARED_SELECTOR = YES;
				GCC_WARN_UNINITIALIZED_AUTOS = YES_AGGRESSIVE;
				GCC_WARN_UNUSED_FUNCTION = YES;
				GCC_WARN_UNUSED_VARIABLE = YES;
				LOCALIZATION_PREFERS_STRING_CATALOGS = YES;
				MTL_ENABLE_DEBUG_INFO = NO;
				MTL_FAST_MATH = YES;
				SWIFT_COMPILATION_MODE = wholemodule;
			};
			name = Release;
		};
		6BCB94812E8ED0C0007212D5 /* Debug */ = {
			isa = XCBuildConfiguration;
			buildSettings = {
				ASSETCATALOG_COMPILER_APPICON_NAME = AppIcon;
				ASSETCATALOG_COMPILER_GLOBAL_ACCENT_COLOR_NAME = AccentColor;
				ASSETCATALOG_COMPILER_INCLUDE_ALL_APPICON_ASSETS = NO;
				CODE_SIGN_STYLE = Automatic;
				CURRENT_PROJECT_VERSION = 4;
				DEVELOPMENT_TEAM = L6TR2N4F28;
				ENABLE_APP_SANDBOX = YES;
				ENABLE_HARDENED_RUNTIME = YES;
				ENABLE_PREVIEWS = YES;
				ENABLE_USER_SELECTED_FILES = readonly;
				GENERATE_INFOPLIST_FILE = YES;
				"INFOPLIST_KEY_UIApplicationSceneManifest_Generation[sdk=iphoneos*]" = YES;
				"INFOPLIST_KEY_UIApplicationSceneManifest_Generation[sdk=iphonesimulator*]" = YES;
				"INFOPLIST_KEY_UIApplicationSupportsIndirectInputEvents[sdk=iphoneos*]" = YES;
				"INFOPLIST_KEY_UIApplicationSupportsIndirectInputEvents[sdk=iphonesimulator*]" = YES;
				"INFOPLIST_KEY_UILaunchScreen_Generation[sdk=iphoneos*]" = YES;
				"INFOPLIST_KEY_UILaunchScreen_Generation[sdk=iphonesimulator*]" = YES;
				INFOPLIST_KEY_UIStatusBarHidden = NO;
				"INFOPLIST_KEY_UIStatusBarStyle[sdk=iphoneos*]" = UIStatusBarStyleDefault;
				"INFOPLIST_KEY_UIStatusBarStyle[sdk=iphonesimulator*]" = UIStatusBarStyleDefault;
				INFOPLIST_KEY_UISupportedInterfaceOrientations = UIInterfaceOrientationPortrait;
				IPHONEOS_DEPLOYMENT_TARGET = 18.6;
				LD_RUNPATH_SEARCH_PATHS = "@executable_path/Frameworks";
				"LD_RUNPATH_SEARCH_PATHS[sdk=macosx*]" = "@executable_path/../Frameworks";
				MACOSX_DEPLOYMENT_TARGET = 26.0;
				MARKETING_VERSION = 1.0;
				PRODUCT_BUNDLE_IDENTIFIER = "com.mikemailyan.Home-Poker";
				PRODUCT_NAME = "$(TARGET_NAME)";
				REGISTER_APP_GROUPS = YES;
				SDKROOT = auto;
				STRING_CATALOG_GENERATE_SYMBOLS = YES;
				SUPPORTED_PLATFORMS = "iphoneos iphonesimulator";
				SUPPORTS_MACCATALYST = NO;
				SWIFT_APPROACHABLE_CONCURRENCY = YES;
				SWIFT_DEFAULT_ACTOR_ISOLATION = MainActor;
				SWIFT_EMIT_LOC_STRINGS = YES;
				SWIFT_UPCOMING_FEATURE_MEMBER_IMPORT_VISIBILITY = YES;
				SWIFT_VERSION = 5.0;
				TARGETED_DEVICE_FAMILY = 1;
				XROS_DEPLOYMENT_TARGET = 26.0;
			};
			name = Debug;
		};
		6BCB94822E8ED0C0007212D5 /* Release */ = {
			isa = XCBuildConfiguration;
			buildSettings = {
				ASSETCATALOG_COMPILER_APPICON_NAME = AppIcon;
				ASSETCATALOG_COMPILER_GLOBAL_ACCENT_COLOR_NAME = AccentColor;
				ASSETCATALOG_COMPILER_INCLUDE_ALL_APPICON_ASSETS = NO;
				CODE_SIGN_STYLE = Automatic;
				CURRENT_PROJECT_VERSION = 4;
				DEVELOPMENT_TEAM = L6TR2N4F28;
				ENABLE_APP_SANDBOX = YES;
				ENABLE_HARDENED_RUNTIME = YES;
				ENABLE_PREVIEWS = YES;
				ENABLE_USER_SELECTED_FILES = readonly;
				GENERATE_INFOPLIST_FILE = YES;
				"INFOPLIST_KEY_UIApplicationSceneManifest_Generation[sdk=iphoneos*]" = YES;
				"INFOPLIST_KEY_UIApplicationSceneManifest_Generation[sdk=iphonesimulator*]" = YES;
				"INFOPLIST_KEY_UIApplicationSupportsIndirectInputEvents[sdk=iphoneos*]" = YES;
				"INFOPLIST_KEY_UIApplicationSupportsIndirectInputEvents[sdk=iphonesimulator*]" = YES;
				"INFOPLIST_KEY_UILaunchScreen_Generation[sdk=iphoneos*]" = YES;
				"INFOPLIST_KEY_UILaunchScreen_Generation[sdk=iphonesimulator*]" = YES;
				INFOPLIST_KEY_UIStatusBarHidden = NO;
				"INFOPLIST_KEY_UIStatusBarStyle[sdk=iphoneos*]" = UIStatusBarStyleDefault;
				"INFOPLIST_KEY_UIStatusBarStyle[sdk=iphonesimulator*]" = UIStatusBarStyleDefault;
				INFOPLIST_KEY_UISupportedInterfaceOrientations = UIInterfaceOrientationPortrait;
				IPHONEOS_DEPLOYMENT_TARGET = 18.6;
				LD_RUNPATH_SEARCH_PATHS = "@executable_path/Frameworks";
				"LD_RUNPATH_SEARCH_PATHS[sdk=macosx*]" = "@executable_path/../Frameworks";
				MACOSX_DEPLOYMENT_TARGET = 26.0;
				MARKETING_VERSION = 1.0;
				PRODUCT_BUNDLE_IDENTIFIER = "com.mikemailyan.Home-Poker";
				PRODUCT_NAME = "$(TARGET_NAME)";
				REGISTER_APP_GROUPS = YES;
				SDKROOT = auto;
				STRING_CATALOG_GENERATE_SYMBOLS = YES;
				SUPPORTED_PLATFORMS = "iphoneos iphonesimulator";
				SUPPORTS_MACCATALYST = NO;
				SWIFT_APPROACHABLE_CONCURRENCY = YES;
				SWIFT_DEFAULT_ACTOR_ISOLATION = MainActor;
				SWIFT_EMIT_LOC_STRINGS = YES;
				SWIFT_UPCOMING_FEATURE_MEMBER_IMPORT_VISIBILITY = YES;
				SWIFT_VERSION = 5.0;
				TARGETED_DEVICE_FAMILY = 1;
				XROS_DEPLOYMENT_TARGET = 26.0;
			};
			name = Release;
		};
/* End XCBuildConfiguration section */

/* Begin XCConfigurationList section */
		6BCB946E2E8ED0BF007212D5 /* Build configuration list for PBXProject "Home Poker" */ = {
			isa = XCConfigurationList;
			buildConfigurations = (
				6BCB947E2E8ED0C0007212D5 /* Debug */,
				6BCB947F2E8ED0C0007212D5 /* Release */,
			);
			defaultConfigurationIsVisible = 0;
			defaultConfigurationName = Release;
		};
		6BCB94802E8ED0C0007212D5 /* Build configuration list for PBXNativeTarget "Home Poker" */ = {
			isa = XCConfigurationList;
			buildConfigurations = (
				6BCB94812E8ED0C0007212D5 /* Debug */,
				6BCB94822E8ED0C0007212D5 /* Release */,
			);
			defaultConfigurationIsVisible = 0;
			defaultConfigurationName = Release;
		};
/* End XCConfigurationList section */
	};
	rootObject = 6BCB946B2E8ED0BF007212D5 /* Project object */;
}
